Microsoft Visual Studio Solution File, Format Version 12.00
# Visual Studio Version 16
VisualStudioVersion = 16.0.29609.76
MinimumVisualStudioVersion = 10.0.40219.1
Project("{FAE04EC0-301F-11D3-BF4B-00C04F79EFBC}") = "LLRP", "LLRP.csproj", "{D7963EA3-5350-474C-A127-1B7159B5356A}"
EndProject
Global
	GlobalSection(SolutionConfigurationPlatforms) = preSolution
		Debug|Any CPU = Debug|Any CPU
		Release|Any CPU = Release|Any CPU
	EndGlobalSection
	GlobalSection(ProjectConfigurationPlatforms) = postSolution
		{D7963EA3-5350-474C-A127-1B7159B5356A}.Debug|Any CPU.ActiveCfg = Debug|Any CPU
		{D7963EA3-5350-474C-A127-1B7159B5356A}.Debug|Any CPU.Build.0 = Debug|Any CPU
		{D7963EA3-5350-474C-A127-1B7159B5356A}.Release|Any CPU.ActiveCfg = Release|Any CPU
		{D7963EA3-5350-474C-A127-1B7159B5356A}.Release|Any CPU.Build.0 = Release|Any CPU
	EndGlobalSection
	GlobalSection(SolutionProperties) = preSolution
		HideSolutionNode = FALSE
	EndGlobalSection
	GlobalSection(ExtensibilityGlobals) = postSolution
		SolutionGuid = {E152CF3B-5EF2-4642-8731-72E366AEFC8C}
	EndGlobalSection
EndGlobal
